{
  "name": "autopilot-monitor-quality-tooling",
  "lockfileVersion": 3,
  "requires": true,
  "packages": {
    "": {
      "name": "autopilot-monitor-quality-tooling",
      "devDependencies": {
        "jscpd": "5.3.0"
      }
    },
    "node_modules/jscpd": {
      "version": "5.3.0",
      "resolved": "https://registry.npmjs.org/jscpd/-/jscpd-5.3.0.tgz",
      "integrity": "sha512-EiGK3H6ZF8jbyiIU1c+iPkgWskcXVoSozfobYIbySK1KPlo+UYmVqSVpKUiLnfoNDOTy9vqACSmiS+JA7xPsQg==",
      "dev": true,
      "license": "MIT",
      "bin": {
        "jscpd": "run-jscpd.js"
      },
      "engines": {
        "node": ">=18"
      },
      "funding": {
        "url": "https://opencollective.com/jscpd"
      },
      "optionalDependencies": {
        "jscpd-darwin-arm64": "5.3.0",
        "jscpd-darwin-x64": "5.3.0",
        "jscpd-linux-arm64-gnu": "5.3.0",
        "jscpd-linux-arm64-musl": "5.3.0",
        "jscpd-linux-x64-gnu": "5.3.0",
        "jscpd-linux-x64-musl": "5.3.0",
        "jscpd-windows-arm64-msvc": "5.3.0",
        "jscpd-windows-x64-msvc": "5.3.0"
      }
    },
    "node_modules/jscpd-darwin-arm64": {
      "version": "5.3.0",
      "resolved": "https://registry.npmjs.org/jscpd-darwin-arm64/-/jscpd-darwin-arm64-5.3.0.tgz",
      "integrity": "sha512-kH4O+vgWtWbaE42+KejOmDZW9nB4WqsbX+NxAQPwVxZg1TQTM2bhDhYdQo+MHpN+vf4HpQ+dOCsARBn2ri+ing==",
      "cpu": [
        "arm64"
      ],
      "dev": true,
      "license": "MIT",
      "optional": true,
      "os": [
        "darwin"
      ]
    },
    "node_modules/jscpd-darwin-x64": {
      "version": "5.3.0",
      "resolved": "https://registry.npmjs.org/jscpd-darwin-x64/-/jscpd-darwin-x64-5.3.0.tgz",
      "integrity": "sha512-IMobUmmZcrxKbziuni93ljtIMtAyPY4lFPNcopgTOFwO3vlHeYZV1r0sY8eP0APvW5BSFW2nBA/WG5+EezYpYw==",
      "cpu": [
        "x64"
      ],
      "dev": true,
      "license": "MIT",
      "optional": true,
      "os": [
        "darwin"
      ]
    },
    "node_modules/jscpd-linux-arm64-gnu": {
      "version": "5.3.0",
      "resolved": "https://registry.npmjs.org/jscpd-linux-arm64-gnu/-/jscpd-linux-arm64-gnu-5.3.0.tgz",
      "integrity": "sha512-VdN3g485lHqGxysAuij0KkDh4HSczUOJ8d8rXdCBSYBBqIrSMkVtfy7iug7GUhGkLZ7qukTkgvZs0P7mEMH8Yw==",
      "cpu": [
        "arm64"
      ],
      "dev": true,
      "license": "MIT",
      "optional": true,
      "os": [
        "linux"
      ]
    },
    "node_modules/jscpd-linux-arm64-musl": {
      "version": "5.3.0",
      "resolved": "https://registry.npmjs.org/jscpd-linux-arm64-musl/-/jscpd-linux-arm64-musl-5.3.0.tgz",
      "integrity": "sha512-96JQfVFcSBjoUwqFeEQQ4c2wHHT4kE+LqZtEayc6ko3Ouu1nLJvCnBA5DSOU0HuIvGAVq8A2CmkWJ6I1XCCt/A==",
      "cpu": [
        "arm64"
      ],
      "dev": true,
      "license": "MIT",
      "optional": true,
      "os": [
        "linux"
      ]
    },
    "node_modules/jscpd-linux-x64-gnu": {
      "version": "5.3.0",
      "resolved": "https://registry.npmjs.org/jscpd-linux-x64-gnu/-/jscpd-linux-x64-gnu-5.3.0.tgz",
      "integrity": "sha512-teMMfXFE1iAJ2rgqxRUOxX6U7glr//8WKZhEH0sRIN6QwstjKmzKlEPEf1UU2rH7JyYlsIGAYcjrWzmJ7wDLcA==",
      "cpu": [
        "x64"
      ],
      "dev": true,
      "license": "MIT",
      "optional": true,
      "os": [
        "linux"
      ]
    },
    "node_modules/jscpd-linux-x64-musl": {
      "version": "5.3.0",
      "resolved": "https://registry.npmjs.org/jscpd-linux-x64-musl/-/jscpd-linux-x64-musl-5.3.0.tgz",
      "integrity": "sha512-mVsivu/awa17BwOZbnkGo/H8P1IedckXswuT5ZwYXkgpVD//ken4HjjcUO8+fwxu3cRbk0qycdLfP/B1VAtAMA==",
      "cpu": [
        "x64"
      ],
      "dev": true,
      "license": "MIT",
      "optional": true,
      "os": [
        "linux"
      ]
    },
    "node_modules/jscpd-windows-arm64-msvc": {
      "version": "5.3.0",
      "resolved": "https://registry.npmjs.org/jscpd-windows-arm64-msvc/-/jscpd-windows-arm64-msvc-5.3.0.tgz",
      "integrity": "sha512-uzkJo9bY2Er91MFyovQUYOAq06bjoO9E36v7qAhzh0yzhYaQNVchmKrP3qEFjA+5K2DL9jeJCD6JL9q4ZiQyGg==",
      "cpu": [
        "arm64"
      ],
      "dev": true,
      "license": "MIT",
      "optional": true,
      "os": [
        "win32"
      ]
    },
    "node_modules/jscpd-windows-x64-msvc": {
      "version": "5.3.0",
      "resolved": "https://registry.npmjs.org/jscpd-windows-x64-msvc/-/jscpd-windows-x64-msvc-5.3.0.tgz",
      "integrity": "sha512-E9FBk7BzAC6EffvFuV5ggDhXFJW1F6odrdgLe9RaMW9IWjhgHhmliJgse0ehmaqQu9HGNVwx+Cq238U4Cfe5Iw==",
      "cpu": [
        "x64"
      ],
      "dev": true,
      "license": "MIT",
      "optional": true,
      "os": [
        "win32"
      ]
    }
  }
}
